// !$*UTF8*$!
{
	archiveVersion = 1;
	classes = {
	};
	objectVersion = 77;
	objects = {

/* Begin PBXBuildFile section */
		0106B2D51CD1C6EC2F5C0DCC /* WhisperGUIApp.swift in Sources */ = {isa = PBXBuildFile; fileRef = CB32C462A3049BA394B94384 /* WhisperGUIApp.swift */; };
		235F38C57528456BA001B011 /* YouTubeService.swift in Sources */ = {isa = PBXBuildFile; fileRef = 2064D07B9EA522168DFB0779 /* YouTubeService.swift */; };
		25A159B0FD0D87DC2F763CE3 /* YouTubeTabView.swift in Sources */ = {isa = PBXBuildFile; fileRef = B987946034E3C05FAB277871 /* YouTubeTabView.swift */; };
		30324FF3A162F748F8D2C8AA /* SettingsView.swift in Sources */ = {isa = PBXBuildFile; fileRef = 1D8E2FE91C462F25795B760E /* SettingsView.swift */; };
		35C76892FE8D5CABD50C9899 /* FileTabView.swift in Sources */ = {isa = PBXBuildFile; fileRef = 1ABD4394831B0A507A021554 /* FileTabView.swift */; };
		35E0031563411DDD8DE1809E /* OutputView.swift in Sources */ = {isa = PBXBuildFile; fileRef = 7D18EA8A8E69A227C64091F1 /* OutputView.swift */; };
		36C7D6D6CA8EFA87B3CA25B4 /* RecordingService.swift in Sources */ = {isa = PBXBuildFile; fileRef = 74F832F32A62A0E89A2A7C6E /* RecordingService.swift */; };
		4816D93FB3AFB7F2446E437C /* MicTabView.swift in Sources */ = {isa = PBXBuildFile; fileRef = CB06455EABA7F7A4EE8B7294 /* MicTabView.swift */; };
		926A271BA9B931ABA848D65C /* ContentView.swift in Sources */ = {isa = PBXBuildFile; fileRef = 3FBC58A0E9257FFCE53D0F07 /* ContentView.swift */; };
		AEAE75146ECF359840F77D35 /* TranscriptionService.swift in Sources */ = {isa = PBXBuildFile; fileRef = 58529F7CF632BAF5351EE872 /* TranscriptionService.swift */; };
		CD0225B862E1B7237E42703F /* TranscriptionTask.swift in Sources */ = {isa = PBXBuildFile; fileRef = E8AA08B45BD21B50EDA219D8 /* TranscriptionTask.swift */; };
		D709D2CC0FA474EB5D1BED94 /* AppSettings.swift in Sources */ = {isa = PBXBuildFile; fileRef = 978883E307C0979663EBD371 /* AppSettings.swift */; };
/* End PBXBuildFile section */

/* Begin PBXFileReference section */
		1ABD4394831B0A507A021554 /* FileTabView.swift */ = {isa = PBXFileReference; lastKnownFileType = sourcecode.swift; path = FileTabView.swift; sourceTree = "<group>"; };
		1D8E2FE91C462F25795B760E /* SettingsView.swift */ = {isa = PBXFileReference; lastKnownFileType = sourcecode.swift; path = SettingsView.swift; sourceTree = "<group>"; };
		2064D07B9EA522168DFB0779 /* YouTubeService.swift */ = {isa = PBXFileReference; lastKnownFileType = sourcecode.swift; path = YouTubeService.swift; sourceTree = "<group>"; };
		3FBC58A0E9257FFCE53D0F07 /* ContentView.swift */ = {isa = PBXFileReference; lastKnownFileType = sourcecode.swift; path = ContentView.swift; sourceTree = "<group>"; };
		58529F7CF632BAF5351EE872 /* TranscriptionService.swift */ = {isa = PBXFileReference; lastKnownFileType = sourcecode.swift; path = TranscriptionService.swift; sourceTree = "<group>"; };
		6171082658D26D023D202A3B /* whisper-gui.app */ = {isa = PBXFileReference; explicitFileType = wrapper.application; includeInIndex = 0; path = "whisper-gui.app"; sourceTree = BUILT_PRODUCTS_DIR; };
		74F832F32A62A0E89A2A7C6E /* RecordingService.swift */ = {isa = PBXFileReference; lastKnownFileType = sourcecode.swift; path = RecordingService.swift; sourceTree = "<group>"; };
		7D18EA8A8E69A227C64091F1 /* OutputView.swift */ = {isa = PBXFileReference; lastKnownFileType = sourcecode.swift; path = OutputView.swift; sourceTree = "<group>"; };
		978883E307C0979663EBD371 /* AppSettings.swift */ = {isa = PBXFileReference; lastKnownFileType = sourcecode.swift; path = AppSettings.swift; sourceTree = "<group>"; };
		B987946034E3C05FAB277871 /* YouTubeTabView.swift */ = {isa = PBXFileReference; lastKnownFileType = sourcecode.swift; path = YouTubeTabView.swift; sourceTree = "<group>"; };
		CB06455EABA7F7A4EE8B7294 /* MicTabView.swift */ = {isa = PBXFileReference; lastKnownFileType = sourcecode.swift; path = MicTabView.swift; sourceTree = "<group>"; };
		CB32C462A3049BA394B94384 /* WhisperGUIApp.swift */ = {isa = PBXFileReference; lastKnownFileType = sourcecode.swift; path = WhisperGUIApp.swift; sourceTree = "<group>"; };
		E8AA08B45BD21B50EDA219D8 /* TranscriptionTask.swift */ = {isa = PBXFileReference; lastKnownFileType = sourcecode.swift; path = TranscriptionTask.swift; sourceTree = "<group>"; };
/* End PBXFileReference section */

/* Begin PBXGroup section */
		2D9627FACEB34E9DB17C9D5A /* Views */ = {
			isa = PBXGroup;
			children = (
				1ABD4394831B0A507A021554 /* FileTabView.swift */,
				CB06455EABA7F7A4EE8B7294 /* MicTabView.swift */,
				7D18EA8A8E69A227C64091F1 /* OutputView.swift */,
				1D8E2FE91C462F25795B760E /* SettingsView.swift */,
				B987946034E3C05FAB277871 /* YouTubeTabView.swift */,
			);
			path = Views;
			sourceTree = "<group>";
		};
		4E89EA91B9114BAB396112C1 /* Services */ = {
			isa = PBXGroup;
			children = (
				74F832F32A62A0E89A2A7C6E /* RecordingService.swift */,
				58529F7CF632BAF5351EE872 /* TranscriptionService.swift */,
				2064D07B9EA522168DFB0779 /* YouTubeService.swift */,
			);
			path = Services;
			sourceTree = "<group>";
		};
		84B54AF89DF14D4D67F7D11F = {
			isa = PBXGroup;
			children = (
				C3C26FAD403DEF93BEA2D706 /* Sources */,
				F27EE1E48DF56C24300E7D47 /* Products */,
			);
			sourceTree = "<group>";
		};
		C3C26FAD403DEF93BEA2D706 /* Sources */ = {
			isa = PBXGroup;
			children = (
				3FBC58A0E9257FFCE53D0F07 /* ContentView.swift */,
				CB32C462A3049BA394B94384 /* WhisperGUIApp.swift */,
				E1F02009129F86837EBF6CA7 /* Models */,
				4E89EA91B9114BAB396112C1 /* Services */,
				2D9627FACEB34E9DB17C9D5A /* Views */,
			);
			path = Sources;
			sourceTree = "<group>";
		};
		E1F02009129F86837EBF6CA7 /* Models */ = {
			isa = PBXGroup;
			children = (
				978883E307C0979663EBD371 /* AppSettings.swift */,
				E8AA08B45BD21B50EDA219D8 /* TranscriptionTask.swift */,
			);
			path = Models;
			sourceTree = "<group>";
		};
		F27EE1E48DF56C24300E7D47 /* Products */ = {
			isa = PBXGroup;
			children = (
				6171082658D26D023D202A3B /* whisper-gui.app */,
			);
			name = Products;
			sourceTree = "<group>";
		};
/* End PBXGroup section */

/* Begin PBXNativeTarget section */
		8263056479058D679FC0A55A /* whisper-gui */ = {
			isa = PBXNativeTarget;
			buildConfigurationList = A42F50F0BC65381EF001C515 /* Build configuration list for PBXNativeTarget "whisper-gui" */;
			buildPhases = (
				F06F6EAE955E127B3E34F760 /* Sources */,
			);
			buildRules = (
			);
			dependencies = (
			);
			name = "whisper-gui";
			packageProductDependencies = (
			);
			productName = "whisper-gui";
			productReference = 6171082658D26D023D202A3B /* whisper-gui.app */;
			productType = "com.apple.product-type.application";
		};
/* End PBXNativeTarget section */

/* Begin PBXProject section */
		5F2691EAB0EFF5178F2892F2 /* Project object */ = {
			isa = PBXProject;
			attributes = {
				BuildIndependentTargetsInParallel = YES;
				LastUpgradeCheck = 1600;
				TargetAttributes = {
					8263056479058D679FC0A55A = {
						ProvisioningStyle = Automatic;
					};
				};
			};
			buildConfigurationList = C9C58E2987CE756BBCCC9B0F /* Build configuration list for PBXProject "whisper-gui" */;
			developmentRegion = en;
			hasScannedForEncodings = 0;
			knownRegions = (
				Base,
				en,
			);
			mainGroup = 84B54AF89DF14D4D67F7D11F;
			minimizedProjectReferenceProxies = 1;
			preferredProjectObjectVersion = 77;
			productRefGroup = F27EE1E48DF56C24300E7D47 /* Products */;
			projectDirPath = "";
			projectRoot = "";
			targets = (
				8263056479058D679FC0A55A /* whisper-gui */,
			);
		};
/* End PBXProject section */

/* Begin PBXSourcesBuildPhase section */
		F06F6EAE955E127B3E34F760 /* Sources */ = {
			isa = PBXSourcesBuildPhase;
			buildActionMask = 2147483647;
			files = (
				D709D2CC0FA474EB5D1BED94 /* AppSettings.swift in Sources */,
				926A271BA9B931ABA848D65C /* ContentView.swift in Sources */,
				35C76892FE8D5CABD50C9899 /* FileTabView.swift in Sources */,
				4816D93FB3AFB7F2446E437C /* MicTabView.swift in Sources */,
				35E0031563411DDD8DE1809E /* OutputView.swift in Sources */,
				36C7D6D6CA8EFA87B3CA25B4 /* RecordingService.swift in Sources */,
				30324FF3A162F748F8D2C8AA /* SettingsView.swift in Sources */,
				AEAE75146ECF359840F77D35 /* TranscriptionService.swift in Sources */,
				CD0225B862E1B7237E42703F /* TranscriptionTask.swift in Sources */,
				0106B2D51CD1C6EC2F5C0DCC /* WhisperGUIApp.swift in Sources */,
				235F38C57528456BA001B011 /* YouTubeService.swift in Sources */,
				25A159B0FD0D87DC2F763CE3 /* YouTubeTabView.swift in Sources */,
			);
			runOnlyForDeploymentPostprocessing = 0;
		};
/* End PBXSourcesBuildPhase section */

/* Begin XCBuildConfiguration section */
		8CC7D6F9A5A2AECC160FE2CA /* Debug */ = {
			isa = XCBuildConfiguration;
			buildSettings = {
				ALWAYS_SEARCH_USER_PATHS = NO;
				CLANG_ANALYZER_NONNULL = YES;
				CLANG_ANALYZER_NUMBER_OBJECT_CONVERSION = YES_AGGRESSIVE;
				CLANG_CXX_LANGUAGE_STANDARD = "gnu++14";
				CLANG_CXX_LIBRARY = "libc++";
				CLANG_ENABLE_MODULES = YES;
				CLANG_ENABLE_OBJC_ARC = YES;
				CLANG_ENABLE_OBJC_WEAK = YES;
				CLANG_WARN_BLOCK_CAPTURE_AUTORELEASING = YES;
				CLANG_WARN_BOOL_CONVERSION = YES;
				CLANG_WARN_COMMA = YES;
				CLANG_WARN_CONSTANT_CONVERSION = YES;
				CLANG_WARN_DEPRECATED_OBJC_IMPLEMENTATIONS = YES;
				CLANG_WARN_DIRECT_OBJC_ISA_USAGE = YES_ERROR;
				CLANG_WARN_DOCUMENTATION_COMMENTS = YES;
				CLANG_WARN_EMPTY_BODY = YES;
				CLANG_WARN_ENUM_CONVERSION = YES;
				CLANG_WARN_INFINITE_RECURSION = YES;
				CLANG_WARN_INT_CONVERSION = YES;
				CLANG_WARN_NON_LITERAL_NULL_CONVERSION = YES;
				CLANG_WARN_OBJC_IMPLICIT_RETAIN_SELF = YES;
				CLANG_WARN_OBJC_LITERAL_CONVERSION = YES;
				CLANG_WARN_OBJC_ROOT_CLASS = YES_ERROR;
				CLANG_WARN_QUOTED_INCLUDE_IN_FRAMEWORK_HEADER = YES;
				CLANG_WARN_RANGE_LOOP_ANALYSIS = YES;
				CLANG_WARN_STRICT_PROTOTYPES = YES;
				CLANG_WARN_SUSPICIOUS_MOVE = YES;
				CLANG_WARN_UNGUARDED_AVAILABILITY = YES_AGGRESSIVE;
				CLANG_WARN_UNREACHABLE_CODE = YES;
				CLANG_WARN__DUPLICATE_METHOD_MATCH = YES;
				COPY_PHASE_STRIP = NO;
				CURRENT_PROJECT_VERSION = 1;
				DEBUG_INFORMATION_FORMAT = dwarf;
				ENABLE_STRICT_OBJC_MSGSEND = YES;
				ENABLE_TESTABILITY = YES;
				GCC_C_LANGUAGE_STANDARD = gnu11;
				GCC_DYNAMIC_NO_PIC = NO;
				GCC_NO_COMMON_BLOCKS = YES;
				GCC_OPTIMIZATION_LEVEL = 0;
				GCC_PREPROCESSOR_DEFINITIONS = (
					"$(inherited)",
					"DEBUG=1",
				);
				GCC_WARN_64_TO_32_BIT_CONVERSION = YES;
				GCC_WARN_ABOUT_RETURN_TYPE = YES_ERROR;
				GCC_WARN_UNDECLARED_SELECTOR = YES;
				GCC_WARN_UNINITIALIZED_AUTOS = YES_AGGRESSIVE;
				GCC_WARN_UNUSED_FUNCTION = YES;
				GCC_WARN_UNUSED_VARIABLE = YES;
				MACOSX_DEPLOYMENT_TARGET = 14.0;
				MARKETING_VERSION = 1.0.0;
				MTL_ENABLE_DEBUG_INFO = INCLUDE_SOURCE;
				MTL_FAST_MATH = YES;
				ONLY_ACTIVE_ARCH = YES;
				PRODUCT_NAME = "$(TARGET_NAME)";
				SDKROOT = macosx;
				SWIFT_ACTIVE_COMPILATION_CONDITIONS = DEBUG;
				SWIFT_OPTIMIZATION_LEVEL = "-Onone";
				SWIFT_STRICT_CONCURRENCY = targeted;
				SWIFT_VERSION = 6.0;
			};
			name = Debug;
		};
		B906970E609875FB844001EF /* Debug */ = {
			isa = XCBuildConfiguration;
			buildSettings = {
				ASSETCATALOG_COMPILER_APPICON_NAME = AppIcon;
				CODE_SIGN_ENTITLEMENTS = "whisper-gui.entitlements";
				CODE_SIGN_STYLE = Automatic;
				COMBINE_HIDPI_IMAGES = YES;
				ENABLE_HARDENED_RUNTIME = YES;
				INFOPLIST_FILE = Info.plist;
				LD_RUNPATH_SEARCH_PATHS = (
					"$(inherited)",
					"@executable_path/../Frameworks",
				);
				PRODUCT_BUNDLE_IDENTIFIER = "com.whisper.whisper-gui";
				SDKROOT = macosx;
			};
			name = Debug;
		};
		E950E118F36F8C75538B5428 /* Release */ = {
			isa = XCBuildConfiguration;
			buildSettings = {
				ASSETCATALOG_COMPILER_APPICON_NAME = AppIcon;
				CODE_SIGN_ENTITLEMENTS = "whisper-gui.entitlements";
				CODE_SIGN_STYLE = Automatic;
				COMBINE_HIDPI_IMAGES = YES;
				ENABLE_HARDENED_RUNTIME = YES;
				INFOPLIST_FILE = Info.plist;
				LD_RUNPATH_SEARCH_PATHS = (
					"$(inherited)",
					"@executable_path/../Frameworks",
				);
				PRODUCT_BUNDLE_IDENTIFIER = "com.whisper.whisper-gui";
				SDKROOT = macosx;
			};
			name = Release;
		};
		FB36565E64F552988C414C81 /* Release */ = {
			isa = XCBuildConfiguration;
			buildSettings = {
				ALWAYS_SEARCH_USER_PATHS = NO;
				CLANG_ANALYZER_NONNULL = YES;
				CLANG_ANALYZER_NUMBER_OBJECT_CONVERSION = YES_AGGRESSIVE;
				CLANG_CXX_LANGUAGE_STANDARD = "gnu++14";
				CLANG_CXX_LIBRARY = "libc++";
				CLANG_ENABLE_MODULES = YES;
				CLANG_ENABLE_OBJC_ARC = YES;
				CLANG_ENABLE_OBJC_WEAK = YES;
				CLANG_WARN_BLOCK_CAPTURE_AUTORELEASING = YES;
				CLANG_WARN_BOOL_CONVERSION = YES;
				CLANG_WARN_COMMA = YES;
				CLANG_WARN_CONSTANT_CONVERSION = YES;
				CLANG_WARN_DEPRECATED_OBJC_IMPLEMENTATIONS = YES;
				CLANG_WARN_DIRECT_OBJC_ISA_USAGE = YES_ERROR;
				CLANG_WARN_DOCUMENTATION_COMMENTS = YES;
				CLANG_WARN_EMPTY_BODY = YES;
				CLANG_WARN_ENUM_CONVERSION = YES;
				CLANG_WARN_INFINITE_RECURSION = YES;
				CLANG_WARN_INT_CONVERSION = YES;
				CLANG_WARN_NON_LITERAL_NULL_CONVERSION = YES;
				CLANG_WARN_OBJC_IMPLICIT_RETAIN_SELF = YES;
				CLANG_WARN_OBJC_LITERAL_CONVERSION = YES;
				CLANG_WARN_OBJC_ROOT_CLASS = YES_ERROR;
				CLANG_WARN_QUOTED_INCLUDE_IN_FRAMEWORK_HEADER = YES;
				CLANG_WARN_RANGE_LOOP_ANALYSIS = YES;
				CLANG_WARN_STRICT_PROTOTYPES = YES;
				CLANG_WARN_SUSPICIOUS_MOVE = YES;
				CLANG_WARN_UNGUARDED_AVAILABILITY = YES_AGGRESSIVE;
				CLANG_WARN_UNREACHABLE_CODE = YES;
				CLANG_WARN__DUPLICATE_METHOD_MATCH = YES;
				COPY_PHASE_STRIP = NO;
				CURRENT_PROJECT_VERSION = 1;
				DEBUG_INFORMATION_FORMAT = "dwarf-with-dsym";
				ENABLE_NS_ASSERTIONS = NO;
				ENABLE_STRICT_OBJC_MSGSEND = YES;
				GCC_C_LANGUAGE_STANDARD = gnu11;
				GCC_NO_COMMON_BLOCKS = YES;
				GCC_WARN_64_TO_32_BIT_CONVERSION = YES;
				GCC_WARN_ABOUT_RETURN_TYPE = YES_ERROR;
				GCC_WARN_UNDECLARED_SELECTOR = YES;
				GCC_WARN_UNINITIALIZED_AUTOS = YES_AGGRESSIVE;
				GCC_WARN_UNUSED_FUNCTION = YES;
				GCC_WARN_UNUSED_VARIABLE = YES;
				MACOSX_DEPLOYMENT_TARGET = 14.0;
				MARKETING_VERSION = 1.0.0;
				MTL_ENABLE_DEBUG_INFO = NO;
				MTL_FAST_MATH = YES;
				PRODUCT_NAME = "$(TARGET_NAME)";
				SDKROOT = macosx;
				SWIFT_COMPILATION_MODE = wholemodule;
				SWIFT_OPTIMIZATION_LEVEL = "-O";
				SWIFT_STRICT_CONCURRENCY = targeted;
				SWIFT_VERSION = 6.0;
			};
			name = Release;
		};
/* End XCBuildConfiguration section */

/* Begin XCConfigurationList section */
		A42F50F0BC65381EF001C515 /* Build configuration list for PBXNativeTarget "whisper-gui" */ = {
			isa = XCConfigurationList;
			buildConfigurations = (
				B906970E609875FB844001EF /* Debug */,
				E950E118F36F8C75538B5428 /* Release */,
			);
			defaultConfigurationIsVisible = 0;
			defaultConfigurationName = Debug;
		};
		C9C58E2987CE756BBCCC9B0F /* Build configuration list for PBXProject "whisper-gui" */ = {
			isa = XCConfigurationList;
			buildConfigurations = (
				8CC7D6F9A5A2AECC160FE2CA /* Debug */,
				FB36565E64F552988C414C81 /* Release */,
			);
			defaultConfigurationIsVisible = 0;
			defaultConfigurationName = Debug;
		};
/* End XCConfigurationList section */
	};
	rootObject = 5F2691EAB0EFF5178F2892F2 /* Project object */;
}
